{
  "pins" : [
    {
      "identity" : "digitentryview",
      "kind" : "remoteSourceControl",
      "location" : "https://github.com/iAmrMohamed/DigitEntryView.git",
      "state" : {
        "revision" : "00a1d4aa08103e168155da05cc20f3c2c394155c",
        "version" : "1.0.3"
      }
    },
    {
      "identity" : "lottie-spm",
      "kind" : "remoteSourceControl",
      "location" : "https://github.com/airbnb/lottie-spm.git",
      "state" : {
        "revision" : "8c6edf4f0fa84fe9c058600a4295eb0c01661c69",
        "version" : "4.5.1"
      }
    }
  ],
  "version" : 2
}
